{
  "version": "2",
  "remote": {
    "https://deno.land/std@0.164.0/fmt/colors.ts": "9e36a716611dcd2e4865adea9c4bec916b5c60caad4cdcdc630d4974e6bb8bd4",
    "https://deno.land/std@0.164.0/testing/_diff.ts": "a23e7fc2b4d8daa3e158fa06856bedf5334ce2a2831e8bf9e509717f455adb2c",
    "https://deno.land/std@0.164.0/testing/_format.ts": "cd11136e1797791045e639e9f0f4640d5b4166148796cad37e6ef75f7d7f3832",
    "https://deno.land/std@0.164.0/testing/asserts.ts": "1e340c589853e82e0807629ba31a43c84ebdcdeca910c4a9705715dfdb0f5ce8",
    "https://deno.land/std@0.92.0/_util/assert.ts": "2f868145a042a11d5ad0a3c748dcf580add8a0dbc0e876eaa0026303a5488f58",
    "https://deno.land/std@0.92.0/_util/has_own_property.ts": "f5edd94ed3f3c20c517d812045deb97977e18501c9b7105b5f5c11a31893d7a2",
    "https://deno.land/std@0.92.0/async/deferred.ts": "624bef4b755b71394620508a0c234a93cb8020cbd1b04bfcdad41c174392cef6",
    "https://deno.land/std@0.92.0/async/delay.ts": "9de1d8d07d1927767ab7f82434b883f3d8294fb19cad819691a2ad81a728cf3d",
    "https://deno.land/std@0.92.0/async/mod.ts": "253b41c658d768613eacfb11caa0a9ca7148442f932018a45576f7f27554c853",
    "https://deno.land/std@0.92.0/async/mux_async_iterator.ts": "b9091909db04cdb0af6f7807677372f64c1488de6c4bd86004511b064bf230d6",
    "https://deno.land/std@0.92.0/async/pool.ts": "876f9e6815366cd017a3b4fbb9e9ae40310b1b6972f1bd541c94358bc11fb7e5",
    "https://deno.land/std@0.92.0/bytes/mod.ts": "1ae1ccfe98c4b979f12b015982c7444f81fcb921bea7aa215bf37d84f46e1e13",
    "https://deno.land/std@0.92.0/fmt/colors.ts": "db22b314a2ae9430ae7460ce005e0a7130e23ae1c999157e3bb77cf55800f7e4",
    "https://deno.land/std@0.92.0/hash/sha1.ts": "1cca324b4b253885a47f121adafcfac55b4cc96113e22b338e1db26f37a730b8",
    "https://deno.land/std@0.92.0/http/_io.ts": "bf1331dd3be8aace9120614c1fedc2bb2449edc4779e31b74c0181ea9173f702",
    "https://deno.land/std@0.92.0/http/http_status.ts": "ebaa9bebfb8adc3d7b20c49e11037e4eefd79629ad80d81383933f4cdc91b3eb",
    "https://deno.land/std@0.92.0/http/server.ts": "d4e17c2aa5a5c65a2d19b9f24483be5f6c2a3e03665996fdf973e53c43091b48",
    "https://deno.land/std@0.92.0/io/buffer.ts": "2a92f02c1d8daaebaf13e5678ea5969c89f4fab533f687b9e7e86f49f11c3118",
    "https://deno.land/std@0.92.0/io/bufio.ts": "4053ea5d978479be68ae4d73424045a59c6b7a6e8f66727e4bfde516baa07126",
    "https://deno.land/std@0.92.0/io/ioutil.ts": "275fa440494df9b4b3aa656301ced2eeac533feec128b3a39b2b40f4cd957e42",
    "https://deno.land/std@0.92.0/io/util.ts": "03ca10e063afce551c501505c607ec336a40b9cb72363f5508e2a9ac81096bbf",
    "https://deno.land/std@0.92.0/node/_utils.ts": "33b06f2877d3ee80f17190ee81fdc436755ce74b9c2a9a4492c7cdfe2a03e4c6",
    "https://deno.land/std@0.92.0/node/events.ts": "0feda0707e2229363f5df8b799fed41bb91de6ca7106f27c7a9f0a02ea11b9d4",
    "https://deno.land/std@0.92.0/testing/_diff.ts": "961eaf6d9f5b0a8556c9d835bbc6fa74f5addd7d3b02728ba7936ff93364f7a3",
    "https://deno.land/std@0.92.0/testing/asserts.ts": "83889f9a37bdab16cb68b023a15f9172ceb644f62c0e727c72d4870a666e53d6",
    "https://deno.land/std@0.92.0/textproto/mod.ts": "1c89b39a079dd158893ab2e9ff79391c66049433d6ca82da7d64b32280570d51",
    "https://deno.land/std@0.92.0/ws/mod.ts": "bc521b3066441eb115ac94e3507bcc73098542f81d8d3ce7aad8d837316ce990",
    "https://deno.land/x/denobridge@0.0.1/mod.ts": "88d64d9efc348c932bc1c8561f769c67398e26d357ca29c5ffb83f2b78afa36a",
    "https://deno.land/x/websocket@v0.1.4/deps.ts": "1299887e27e09209d2eedc5c3b6552090842fac9e08f00dd235de39219efbd42",
    "https://deno.land/x/websocket@v0.1.4/lib/errors.ts": "efb2251dac1ac2036809b0bfb520d737aee70e362eba1e287c84d5299fb211e8",
    "https://deno.land/x/websocket@v0.1.4/lib/websocket.ts": "3363e0a8f59284de5439f5f3bd8831b65a2cfba047113fbc72e32934ebec3208",
    "https://deno.land/x/websocket@v0.1.4/mod.ts": "6b24e14dd1c5d64c1671dd678ca545cce9e2ebc91f67e8be864069808b948267"
  },
  "npm": {
    "specifiers": { "emmet": "emmet@2.3.6" },
    "packages": {
      "@emmetio/abbreviation@2.2.3": {
        "integrity": "sha512-87pltuCPt99aL+y9xS6GPZ+Wmmyhll2WXH73gG/xpGcQ84DRnptBsI2r0BeIQ0EB/SQTOe2ANPqFqj3Rj5FOGA==",
        "dependencies": { "@emmetio/scanner": "@emmetio/scanner@1.0.0" }
      },
      "@emmetio/css-abbreviation@2.1.4": {
        "integrity": "sha512-qk9L60Y+uRtM5CPbB0y+QNl/1XKE09mSO+AhhSauIfr2YOx/ta3NJw2d8RtCFxgzHeRqFRr8jgyzThbu+MZ4Uw==",
        "dependencies": { "@emmetio/scanner": "@emmetio/scanner@1.0.0" }
      },
      "@emmetio/scanner@1.0.0": {
        "integrity": "sha512-8HqW8EVqjnCmWXVpqAOZf+EGESdkR27odcMMMGefgKXtar00SoYNSryGv//TELI4T3QFsECo78p+0lmalk/CFA==",
        "dependencies": {}
      },
      "emmet@2.3.6": {
        "integrity": "sha512-pLS4PBPDdxuUAmw7Me7+TcHbykTsBKN/S9XJbUOMFQrNv9MoshzyMFK/R57JBm94/6HSL4vHnDeEmxlC82NQ4A==",
        "dependencies": {
          "@emmetio/abbreviation": "@emmetio/abbreviation@2.2.3",
          "@emmetio/css-abbreviation": "@emmetio/css-abbreviation@2.1.4"
        }
      }
    }
  }
}
